// !$*UTF8*$!
{
	archiveVersion = 1;
	classes = {
	};
	objectVersion = 46;
	objects = {

/* Begin PBXBuildFile section */
		A38752411BEE67AE000357F0 /* PostScreenViewController.m in Sources */ = {isa = PBXBuildFile; fileRef = A38752401BEE67AE000357F0 /* PostScreenViewController.m */; };
		F0BDDFDE1BEB1EE00014CD20 /* main.m in Sources */ = {isa = PBXBuildFile; fileRef = F0BDDFDD1BEB1EE00014CD20 /* main.m */; };
		F0BDDFE11BEB1EE00014CD20 /* AppDelegate.m in Sources */ = {isa = PBXBuildFile; fileRef = F0BDDFE01BEB1EE00014CD20 /* AppDelegate.m */; };
		F0BDDFE41BEB1EE00014CD20 /* MainFeedViewController.m in Sources */ = {isa = PBXBuildFile; fileRef = F0BDDFE31BEB1EE00014CD20 /* MainFeedViewController.m */; };
		F0BDDFE91BEB1EE10014CD20 /* Assets.xcassets in Resources */ = {isa = PBXBuildFile; fileRef = F0BDDFE81BEB1EE10014CD20 /* Assets.xcassets */; };
		F0BDDFF41BEB1F500014CD20 /* Default-568h@2x.png in Resources */ = {isa = PBXBuildFile; fileRef = F0BDDFF31BEB1F500014CD20 /* Default-568h@2x.png */; };
		F0BDDFFD1BEB24660014CD20 /* Bolts.framework in Frameworks */ = {isa = PBXBuildFile; fileRef = F0BDDFF61BEB24660014CD20 /* Bolts.framework */; };
		F0BDDFFE1BEB24660014CD20 /* Parse.framework in Frameworks */ = {isa = PBXBuildFile; fileRef = F0BDDFF71BEB24660014CD20 /* Parse.framework */; };
		F0BDDFFF1BEB24660014CD20 /* ParseCrashReporting.framework in Frameworks */ = {isa = PBXBuildFile; fileRef = F0BDDFF81BEB24660014CD20 /* ParseCrashReporting.framework */; };
		F0BDE0001BEB24660014CD20 /* ParseFacebookUtils.framework in Frameworks */ = {isa = PBXBuildFile; fileRef = F0BDDFF91BEB24660014CD20 /* ParseFacebookUtils.framework */; };
		F0BDE0011BEB24660014CD20 /* ParseFacebookUtilsV4.framework in Frameworks */ = {isa = PBXBuildFile; fileRef = F0BDDFFA1BEB24660014CD20 /* ParseFacebookUtilsV4.framework */; };
		F0BDE0021BEB24660014CD20 /* ParseTwitterUtils.framework in Frameworks */ = {isa = PBXBuildFile; fileRef = F0BDDFFB1BEB24660014CD20 /* ParseTwitterUtils.framework */; };
		F0BDE0031BEB24660014CD20 /* ParseUI.framework in Frameworks */ = {isa = PBXBuildFile; fileRef = F0BDDFFC1BEB24660014CD20 /* ParseUI.framework */; };
		F0BDE0051BEB24B10014CD20 /* AudioToolbox.framework in Frameworks */ = {isa = PBXBuildFile; fileRef = F0BDE0041BEB24B10014CD20 /* AudioToolbox.framework */; };
		F0BDE0071BEB24B70014CD20 /* CFNetwork.framework in Frameworks */ = {isa = PBXBuildFile; fileRef = F0BDE0061BEB24B70014CD20 /* CFNetwork.framework */; };
		F0BDE0091BEB24BD0014CD20 /* CoreGraphics.framework in Frameworks */ = {isa = PBXBuildFile; fileRef = F0BDE0081BEB24BD0014CD20 /* CoreGraphics.framework */; };
		F0BDE00B1BEB24C20014CD20 /* CoreLocation.framework in Frameworks */ = {isa = PBXBuildFile; fileRef = F0BDE00A1BEB24C20014CD20 /* CoreLocation.framework */; };
		F0BDE00D1BEB24C60014CD20 /* QuartzCore.framework in Frameworks */ = {isa = PBXBuildFile; fileRef = F0BDE00C1BEB24C60014CD20 /* QuartzCore.framework */; };
		F0BDE00F1BEB24CE0014CD20 /* Security.framework in Frameworks */ = {isa = PBXBuildFile; fileRef = F0BDE00E1BEB24CE0014CD20 /* Security.framework */; };
		F0BDE0111BEB24D30014CD20 /* StoreKit.framework in Frameworks */ = {isa = PBXBuildFile; fileRef = F0BDE0101BEB24D30014CD20 /* StoreKit.framework */; };
		F0BDE0131BEB24DA0014CD20 /* SystemConfiguration.framework in Frameworks */ = {isa = PBXBuildFile; fileRef = F0BDE0121BEB24DA0014CD20 /* SystemConfiguration.framework */; };
		F0BDE0151BEB24E20014CD20 /* libz.tbd in Frameworks */ = {isa = PBXBuildFile; fileRef = F0BDE0141BEB24E20014CD20 /* libz.tbd */; };
		F0BDE0171BEB24E90014CD20 /* libsqlite3.tbd in Frameworks */ = {isa = PBXBuildFile; fileRef = F0BDE0161BEB24E90014CD20 /* libsqlite3.tbd */; };
		F0BDE0191BEB24F40014CD20 /* Accounts.framework in Frameworks */ = {isa = PBXBuildFile; fileRef = F0BDE0181BEB24F40014CD20 /* Accounts.framework */; };
		F0BDE01B1BEB24F90014CD20 /* Social.framework in Frameworks */ = {isa = PBXBuildFile; fileRef = F0BDE01A1BEB24F90014CD20 /* Social.framework */; };
/* End PBXBuildFile section */

/* Begin PBXFileReference section */
		A387523F1BEE67AE000357F0 /* PostScreenViewController.h */ = {isa = PBXFileReference; fileEncoding = 4; lastKnownFileType = sourcecode.c.h; path = PostScreenViewController.h; sourceTree = "<group>"; };
		A38752401BEE67AE000357F0 /* PostScreenViewController.m */ = {isa = PBXFileReference; fileEncoding = 4; lastKnownFileType = sourcecode.c.objc; path = PostScreenViewController.m; sourceTree = "<group>"; };
		F0BDDFD91BEB1EE00014CD20 /* Squaaad.app */ = {isa = PBXFileReference; explicitFileType = wrapper.application; includeInIndex = 0; path = Squaaad.app; sourceTree = BUILT_PRODUCTS_DIR; };
		F0BDDFDD1BEB1EE00014CD20 /* main.m */ = {isa = PBXFileReference; lastKnownFileType = sourcecode.c.objc; path = main.m; sourceTree = "<group>"; };
		F0BDDFDF1BEB1EE00014CD20 /* AppDelegate.h */ = {isa = PBXFileReference; lastKnownFileType = sourcecode.c.h; path = AppDelegate.h; sourceTree = "<group>"; };
		F0BDDFE01BEB1EE00014CD20 /* AppDelegate.m */ = {isa = PBXFileReference; lastKnownFileType = sourcecode.c.objc; path = AppDelegate.m; sourceTree = "<group>"; };
		F0BDDFE21BEB1EE00014CD20 /* MainFeedViewController.h */ = {isa = PBXFileReference; lastKnownFileType = sourcecode.c.h; path = MainFeedViewController.h; sourceTree = "<group>"; };
		F0BDDFE31BEB1EE00014CD20 /* MainFeedViewController.m */ = {isa = PBXFileReference; lastKnownFileType = sourcecode.c.objc; path = MainFeedViewController.m; sourceTree = "<group>"; };
		F0BDDFE81BEB1EE10014CD20 /* Assets.xcassets */ = {isa = PBXFileReference; lastKnownFileType = folder.assetcatalog; name = Assets.xcassets; path = ../Resources/Assets.xcassets; sourceTree = "<group>"; };
		F0BDDFED1BEB1EE10014CD20 /* Info.plist */ = {isa = PBXFileReference; lastKnownFileType = text.plist.xml; path = Info.plist; sourceTree = "<group>"; };
		F0BDDFF31BEB1F500014CD20 /* Default-568h@2x.png */ = {isa = PBXFileReference; lastKnownFileType = image.png; name = "Default-568h@2x.png"; path = "../Resources/Default-568h@2x.png"; sourceTree = "<group>"; };
		F0BDDFF61BEB24660014CD20 /* Bolts.framework */ = {isa = PBXFileReference; lastKnownFileType = wrapper.framework; name = Bolts.framework; path = ../Frameworks/Bolts.framework; sourceTree = "<group>"; };
		F0BDDFF71BEB24660014CD20 /* Parse.framework */ = {isa = PBXFileReference; lastKnownFileType = wrapper.framework; name = Parse.framework; path = ../Frameworks/Parse.framework; sourceTree = "<group>"; };
		F0BDDFF81BEB24660014CD20 /* ParseCrashReporting.framework */ = {isa = PBXFileReference; lastKnownFileType = wrapper.framework; name = ParseCrashReporting.framework; path = ../Frameworks/ParseCrashReporting.framework; sourceTree = "<group>"; };
		F0BDDFF91BEB24660014CD20 /* ParseFacebookUtils.framework */ = {isa = PBXFileReference; lastKnownFileType = wrapper.framework; name = ParseFacebookUtils.framework; path = ../Frameworks/ParseFacebookUtils.framework; sourceTree = "<group>"; };
		F0BDDFFA1BEB24660014CD20 /* ParseFacebookUtilsV4.framework */ = {isa = PBXFileReference; lastKnownFileType = wrapper.framework; name = ParseFacebookUtilsV4.framework; path = ../Frameworks/ParseFacebookUtilsV4.framework; sourceTree = "<group>"; };
		F0BDDFFB1BEB24660014CD20 /* ParseTwitterUtils.framework */ = {isa = PBXFileReference; lastKnownFileType = wrapper.framework; name = ParseTwitterUtils.framework; path = ../Frameworks/ParseTwitterUtils.framework; sourceTree = "<group>"; };
		F0BDDFFC1BEB24660014CD20 /* ParseUI.framework */ = {isa = PBXFileReference; lastKnownFileType = wrapper.framework; name = ParseUI.framework; path = ../Frameworks/ParseUI.framework; sourceTree = "<group>"; };
		F0BDE0041BEB24B10014CD20 /* AudioToolbox.framework */ = {isa = PBXFileReference; lastKnownFileType = wrapper.framework; name = AudioToolbox.framework; path = System/Library/Frameworks/AudioToolbox.framework; sourceTree = SDKROOT; };
		F0BDE0061BEB24B70014CD20 /* CFNetwork.framework */ = {isa = PBXFileReference; lastKnownFileType = wrapper.framework; name = CFNetwork.framework; path = System/Library/Frameworks/CFNetwork.framework; sourceTree = SDKROOT; };
		F0BDE0081BEB24BD0014CD20 /* CoreGraphics.framework */ = {isa = PBXFileReference; lastKnownFileType = wrapper.framework; name = CoreGraphics.framework; path = System/Library/Frameworks/CoreGraphics.framework; sourceTree = SDKROOT; };
		F0BDE00A1BEB24C20014CD20 /* CoreLocation.framework */ = {isa = PBXFileReference; lastKnownFileType = wrapper.framework; name = CoreLocation.framework; path = System/Library/Frameworks/CoreLocation.framework; sourceTree = SDKROOT; };
		F0BDE00C1BEB24C60014CD20 /* QuartzCore.framework */ = {isa = PBXFileReference; lastKnownFileType = wrapper.framework; name = QuartzCore.framework; path = System/Library/Frameworks/QuartzCore.framework; sourceTree = SDKROOT; };
		F0BDE00E1BEB24CE0014CD20 /* Security.framework */ = {isa = PBXFileReference; lastKnownFileType = wrapper.framework; name = Security.framework; path = System/Library/Frameworks/Security.framework; sourceTree = SDKROOT; };
		F0BDE0101BEB24D30014CD20 /* StoreKit.framework */ = {isa = PBXFileReference; lastKnownFileType = wrapper.framework; name = StoreKit.framework; path = System/Library/Frameworks/StoreKit.framework; sourceTree = SDKROOT; };
		F0BDE0121BEB24DA0014CD20 /* SystemConfiguration.framework */ = {isa = PBXFileReference; lastKnownFileType = wrapper.framework; name = SystemConfiguration.framework; path = System/Library/Frameworks/SystemConfiguration.framework; sourceTree = SDKROOT; };
		F0BDE0141BEB24E20014CD20 /* libz.tbd */ = {isa = PBXFileReference; lastKnownFileType = "sourcecode.text-based-dylib-definition"; name = libz.tbd; path = usr/lib/libz.tbd; sourceTree = SDKROOT; };
		F0BDE0161BEB24E90014CD20 /* libsqlite3.tbd */ = {isa = PBXFileReference; lastKnownFileType = "sourcecode.text-based-dylib-definition"; name = libsqlite3.tbd; path = usr/lib/libsqlite3.tbd; sourceTree = SDKROOT; };
		F0BDE0181BEB24F40014CD20 /* Accounts.framework */ = {isa = PBXFileReference; lastKnownFileType = wrapper.framework; name = Accounts.framework; path = System/Library/Frameworks/Accounts.framework; sourceTree = SDKROOT; };
		F0BDE01A1BEB24F90014CD20 /* Social.framework */ = {isa = PBXFileReference; lastKnownFileType = wrapper.framework; name = Social.framework; path = System/Library/Frameworks/Social.framework; sourceTree = SDKROOT; };
/* End PBXFileReference section */

/* Begin PBXFrameworksBuildPhase section */
		F0BDDFD61BEB1EE00014CD20 /* Frameworks */ = {
			isa = PBXFrameworksBuildPhase;
			buildActionMask = 2147483647;
			files = (
				F0BDE01B1BEB24F90014CD20 /* Social.framework in Frameworks */,
				F0BDE0191BEB24F40014CD20 /* Accounts.framework in Frameworks */,
				F0BDE0171BEB24E90014CD20 /* libsqlite3.tbd in Frameworks */,
				F0BDE0151BEB24E20014CD20 /* libz.tbd in Frameworks */,
				F0BDE0131BEB24DA0014CD20 /* SystemConfiguration.framework in Frameworks */,
				F0BDE0111BEB24D30014CD20 /* StoreKit.framework in Frameworks */,
				F0BDE00F1BEB24CE0014CD20 /* Security.framework in Frameworks */,
				F0BDE00D1BEB24C60014CD20 /* QuartzCore.framework in Frameworks */,
				F0BDE00B1BEB24C20014CD20 /* CoreLocation.framework in Frameworks */,
				F0BDE0091BEB24BD0014CD20 /* CoreGraphics.framework in Frameworks */,
				F0BDE0071BEB24B70014CD20 /* CFNetwork.framework in Frameworks */,
				F0BDE0051BEB24B10014CD20 /* AudioToolbox.framework in Frameworks */,
				F0BDDFFE1BEB24660014CD20 /* Parse.framework in Frameworks */,
				F0BDDFFF1BEB24660014CD20 /* ParseCrashReporting.framework in Frameworks */,
				F0BDE0031BEB24660014CD20 /* ParseUI.framework in Frameworks */,
				F0BDE0001BEB24660014CD20 /* ParseFacebookUtils.framework in Frameworks */,
				F0BDDFFD1BEB24660014CD20 /* Bolts.framework in Frameworks */,
				F0BDE0021BEB24660014CD20 /* ParseTwitterUtils.framework in Frameworks */,
				F0BDE0011BEB24660014CD20 /* ParseFacebookUtilsV4.framework in Frameworks */,
			);
			runOnlyForDeploymentPostprocessing = 0;
		};
/* End PBXFrameworksBuildPhase section */

/* Begin PBXGroup section */
		F0BDDFD01BEB1EE00014CD20 = {
			isa = PBXGroup;
			children = (
				F0BDDFDB1BEB1EE00014CD20 /* Squaaad */,
				F0BDDFDA1BEB1EE00014CD20 /* Products */,
				F0BDDFF51BEB243B0014CD20 /* Frameworks */,
				F0BDE01C1BEB27630014CD20 /* Resources */,
			);
			sourceTree = "<group>";
		};
		F0BDDFDA1BEB1EE00014CD20 /* Products */ = {
			isa = PBXGroup;
			children = (
				F0BDDFD91BEB1EE00014CD20 /* Squaaad.app */,
			);
			name = Products;
			sourceTree = "<group>";
		};
		F0BDDFDB1BEB1EE00014CD20 /* Squaaad */ = {
			isa = PBXGroup;
			children = (
				F0BDDFDF1BEB1EE00014CD20 /* AppDelegate.h */,
				F0BDDFE01BEB1EE00014CD20 /* AppDelegate.m */,
				F0BDDFE21BEB1EE00014CD20 /* MainFeedViewController.h */,
				F0BDDFE31BEB1EE00014CD20 /* MainFeedViewController.m */,
				F0BDDFDD1BEB1EE00014CD20 /* main.m */,
				F0BDDFED1BEB1EE10014CD20 /* Info.plist */,
				A387523F1BEE67AE000357F0 /* PostScreenViewController.h */,
				A38752401BEE67AE000357F0 /* PostScreenViewController.m */,
			);
			path = Squaaad;
			sourceTree = "<group>";
		};
		F0BDDFF51BEB243B0014CD20 /* Frameworks */ = {
			isa = PBXGroup;
			children = (
				F0BDE01A1BEB24F90014CD20 /* Social.framework */,
				F0BDE0181BEB24F40014CD20 /* Accounts.framework */,
				F0BDE0161BEB24E90014CD20 /* libsqlite3.tbd */,
				F0BDE0141BEB24E20014CD20 /* libz.tbd */,
				F0BDE0121BEB24DA0014CD20 /* SystemConfiguration.framework */,
				F0BDE0101BEB24D30014CD20 /* StoreKit.framework */,
				F0BDE00E1BEB24CE0014CD20 /* Security.framework */,
				F0BDE00C1BEB24C60014CD20 /* QuartzCore.framework */,
				F0BDE00A1BEB24C20014CD20 /* CoreLocation.framework */,
				F0BDE0081BEB24BD0014CD20 /* CoreGraphics.framework */,
				F0BDE0061BEB24B70014CD20 /* CFNetwork.framework */,
				F0BDE0041BEB24B10014CD20 /* AudioToolbox.framework */,
				F0BDDFF61BEB24660014CD20 /* Bolts.framework */,
				F0BDDFF71BEB24660014CD20 /* Parse.framework */,
				F0BDDFF81BEB24660014CD20 /* ParseCrashReporting.framework */,
				F0BDDFF91BEB24660014CD20 /* ParseFacebookUtils.framework */,
				F0BDDFFA1BEB24660014CD20 /* ParseFacebookUtilsV4.framework */,
				F0BDDFFB1BEB24660014CD20 /* ParseTwitterUtils.framework */,
				F0BDDFFC1BEB24660014CD20 /* ParseUI.framework */,
			);
			name = Frameworks;
			path = Squaaad;
			sourceTree = "<group>";
		};
		F0BDE01C1BEB27630014CD20 /* Resources */ = {
			isa = PBXGroup;
			children = (
				F0BDDFE81BEB1EE10014CD20 /* Assets.xcassets */,
				F0BDDFF31BEB1F500014CD20 /* Default-568h@2x.png */,
			);
			name = Resources;
			path = Squaaad;
			sourceTree = "<group>";
		};
/* End PBXGroup section */

/* Begin PBXNativeTarget section */
		F0BDDFD81BEB1EE00014CD20 /* Squaaad */ = {
			isa = PBXNativeTarget;
			buildConfigurationList = F0BDDFF01BEB1EE10014CD20 /* Build configuration list for PBXNativeTarget "Squaaad" */;
			buildPhases = (
				F0BDDFD51BEB1EE00014CD20 /* Sources */,
				F0BDDFD61BEB1EE00014CD20 /* Frameworks */,
				F0BDDFD71BEB1EE00014CD20 /* Resources */,
			);
			buildRules = (
			);
			dependencies = (
			);
			name = Squaaad;
			productName = Squaaad;
			productReference = F0BDDFD91BEB1EE00014CD20 /* Squaaad.app */;
			productType = "com.apple.product-type.application";
		};
/* End PBXNativeTarget section */

/* Begin PBXProject section */
		F0BDDFD11BEB1EE00014CD20 /* Project object */ = {
			isa = PBXProject;
			attributes = {
				LastUpgradeCheck = 0710;
				ORGANIZATIONNAME = Molson;
				TargetAttributes = {
					F0BDDFD81BEB1EE00014CD20 = {
						CreatedOnToolsVersion = 7.1;
						DevelopmentTeam = TH5V2K4K28;
					};
				};
			};
			buildConfigurationList = F0BDDFD41BEB1EE00014CD20 /* Build configuration list for PBXProject "Squaaad" */;
			compatibilityVersion = "Xcode 3.2";
			developmentRegion = English;
			hasScannedForEncodings = 0;
			knownRegions = (
				en,
				Base,
			);
			mainGroup = F0BDDFD01BEB1EE00014CD20;
			productRefGroup = F0BDDFDA1BEB1EE00014CD20 /* Products */;
			projectDirPath = "";
			projectRoot = "";
			targets = (
				F0BDDFD81BEB1EE00014CD20 /* Squaaad */,
			);
		};
/* End PBXProject section */

/* Begin PBXResourcesBuildPhase section */
		F0BDDFD71BEB1EE00014CD20 /* Resources */ = {
			isa = PBXResourcesBuildPhase;
			buildActionMask = 2147483647;
			files = (
				F0BDDFE91BEB1EE10014CD20 /* Assets.xcassets in Resources */,
				F0BDDFF41BEB1F500014CD20 /* Default-568h@2x.png in Resources */,
			);
			runOnlyForDeploymentPostprocessing = 0;
		};
/* End PBXResourcesBuildPhase section */

/* Begin PBXSourcesBuildPhase section */
		F0BDDFD51BEB1EE00014CD20 /* Sources */ = {
			isa = PBXSourcesBuildPhase;
			buildActionMask = 2147483647;
			files = (
				F0BDDFE41BEB1EE00014CD20 /* MainFeedViewController.m in Sources */,
				F0BDDFE11BEB1EE00014CD20 /* AppDelegate.m in Sources */,
				A38752411BEE67AE000357F0 /* PostScreenViewController.m in Sources */,
				F0BDDFDE1BEB1EE00014CD20 /* main.m in Sources */,
			);
			runOnlyForDeploymentPostprocessing = 0;
		};
/* End PBXSourcesBuildPhase section */

/* Begin XCBuildConfiguration section */
		F0BDDFEE1BEB1EE10014CD20 /* Debug */ = {
			isa = XCBuildConfiguration;
			buildSettings = {
				ALWAYS_SEARCH_USER_PATHS = NO;
				CLANG_CXX_LANGUAGE_STANDARD = "gnu++0x";
				CLANG_CXX_LIBRARY = "libc++";
				CLANG_ENABLE_MODULES = YES;
				CLANG_ENABLE_OBJC_ARC = YES;
				CLANG_WARN_BOOL_CONVERSION = YES;
				CLANG_WARN_CONSTANT_CONVERSION = YES;
				CLANG_WARN_DIRECT_OBJC_ISA_USAGE = YES_ERROR;
				CLANG_WARN_EMPTY_BODY = YES;
				CLANG_WARN_ENUM_CONVERSION = YES;
				CLANG_WARN_INT_CONVERSION = YES;
				CLANG_WARN_OBJC_ROOT_CLASS = YES_ERROR;
				CLANG_WARN_UNREACHABLE_CODE = YES;
				CLANG_WARN__DUPLICATE_METHOD_MATCH = YES;
				"CODE_SIGN_IDENTITY[sdk=iphoneos*]" = "iPhone Developer";
				COPY_PHASE_STRIP = NO;
				DEBUG_INFORMATION_FORMAT = dwarf;
				ENABLE_STRICT_OBJC_MSGSEND = YES;
				ENABLE_TESTABILITY = YES;
				GCC_C_LANGUAGE_STANDARD = gnu99;
				GCC_DYNAMIC_NO_PIC = NO;
				GCC_NO_COMMON_BLOCKS = YES;
				GCC_OPTIMIZATION_LEVEL = 0;
				GCC_PREPROCESSOR_DEFINITIONS = (
					"DEBUG=1",
					"$(inherited)",
				);
				GCC_WARN_64_TO_32_BIT_CONVERSION = YES;
				GCC_WARN_ABOUT_RETURN_TYPE = YES_ERROR;
				GCC_WARN_UNDECLARED_SELECTOR = YES;
				GCC_WARN_UNINITIALIZED_AUTOS = YES_AGGRESSIVE;
				GCC_WARN_UNUSED_FUNCTION = YES;
				GCC_WARN_UNUSED_VARIABLE = YES;
				IPHONEOS_DEPLOYMENT_TARGET = 9.1;
				MTL_ENABLE_DEBUG_INFO = YES;
				ONLY_ACTIVE_ARCH = YES;
				SDKROOT = iphoneos;
				TARGETED_DEVICE_FAMILY = "1,2";
			};
			name = Debug;
		};
		F0BDDFEF1BEB1EE10014CD20 /* Release */ = {
			isa = XCBuildConfiguration;
			buildSettings = {
				ALWAYS_SEARCH_USER_PATHS = NO;
				CLANG_CXX_LANGUAGE_STANDARD = "gnu++0x";
				CLANG_CXX_LIBRARY = "libc++";
				CLANG_ENABLE_MODULES = YES;
				CLANG_ENABLE_OBJC_ARC = YES;
				CLANG_WARN_BOOL_CONVERSION = YES;
				CLANG_WARN_CONSTANT_CONVERSION = YES;
				CLANG_WARN_DIRECT_OBJC_ISA_USAGE = YES_ERROR;
				CLANG_WARN_EMPTY_BODY = YES;
				CLANG_WARN_ENUM_CONVERSION = YES;
				CLANG_WARN_INT_CONVERSION = YES;
				CLANG_WARN_OBJC_ROOT_CLASS = YES_ERROR;
				CLANG_WARN_UNREACHABLE_CODE = YES;
				CLANG_WARN__DUPLICATE_METHOD_MATCH = YES;
				"CODE_SIGN_IDENTITY[sdk=iphoneos*]" = "iPhone Developer";
				COPY_PHASE_STRIP = NO;
				DEBUG_INFORMATION_FORMAT = "dwarf-with-dsym";
				ENABLE_NS_ASSERTIONS = NO;
				ENABLE_STRICT_OBJC_MSGSEND = YES;
				GCC_C_LANGUAGE_STANDARD = gnu99;
				GCC_NO_COMMON_BLOCKS = YES;
				GCC_WARN_64_TO_32_BIT_CONVERSION = YES;
				GCC_WARN_ABOUT_RETURN_TYPE = YES_ERROR;
				GCC_WARN_UNDECLARED_SELECTOR = YES;
				GCC_WARN_UNINITIALIZED_AUTOS = YES_AGGRESSIVE;
				GCC_WARN_UNUSED_FUNCTION = YES;
				GCC_WARN_UNUSED_VARIABLE = YES;
				IPHONEOS_DEPLOYMENT_TARGET = 9.1;
				MTL_ENABLE_DEBUG_INFO = NO;
				SDKROOT = iphoneos;
				TARGETED_DEVICE_FAMILY = "1,2";
				VALIDATE_PRODUCT = YES;
			};
			name = Release;
		};
		F0BDDFF11BEB1EE10014CD20 /* Debug */ = {
			isa = XCBuildConfiguration;
			buildSettings = {
				ASSETCATALOG_COMPILER_APPICON_NAME = AppIcon;
				FRAMEWORK_SEARCH_PATHS = (
					"$(inherited)",
					"$(PROJECT_DIR)/Frameworks",
				);
				INFOPLIST_FILE = Squaaad/Info.plist;
				LD_RUNPATH_SEARCH_PATHS = "$(inherited) @executable_path/Frameworks";
				PRODUCT_BUNDLE_IDENTIFIER = Molson.Squaaad;
				PRODUCT_NAME = "$(TARGET_NAME)";
			};
			name = Debug;
		};
		F0BDDFF21BEB1EE10014CD20 /* Release */ = {
			isa = XCBuildConfiguration;
			buildSettings = {
				ASSETCATALOG_COMPILER_APPICON_NAME = AppIcon;
				FRAMEWORK_SEARCH_PATHS = (
					"$(inherited)",
					"$(PROJECT_DIR)/Frameworks",
				);
				INFOPLIST_FILE = Squaaad/Info.plist;
				LD_RUNPATH_SEARCH_PATHS = "$(inherited) @executable_path/Frameworks";
				PRODUCT_BUNDLE_IDENTIFIER = Molson.Squaaad;
				PRODUCT_NAME = "$(TARGET_NAME)";
			};
			name = Release;
		};
/* End XCBuildConfiguration section */

/* Begin XCConfigurationList section */
		F0BDDFD41BEB1EE00014CD20 /* Build configuration list for PBXProject "Squaaad" */ = {
			isa = XCConfigurationList;
			buildConfigurations = (
				F0BDDFEE1BEB1EE10014CD20 /* Debug */,
				F0BDDFEF1BEB1EE10014CD20 /* Release */,
			);
			defaultConfigurationIsVisible = 0;
			defaultConfigurationName = Release;
		};
		F0BDDFF01BEB1EE10014CD20 /* Build configuration list for PBXNativeTarget "Squaaad" */ = {
			isa = XCConfigurationList;
			buildConfigurations = (
				F0BDDFF11BEB1EE10014CD20 /* Debug */,
				F0BDDFF21BEB1EE10014CD20 /* Release */,
			);
			defaultConfigurationIsVisible = 0;
			defaultConfigurationName = Release;
		};
/* End XCConfigurationList section */
	};
	rootObject = F0BDDFD11BEB1EE00014CD20 /* Project object */;
}
